
Microsoft Visual Studio Solution File, Format Version 12.00
# Visual Studio Version 17
VisualStudioVersion = 17.4.33205.214
MinimumVisualStudioVersion = 10.0.40219.1
Project("{FAE04EC0-301F-11D3-BF4B-00C04F79EFBC}") = "ServicioSocial", "ServicioSocial\ServicioSocial.csproj", "{3758BDC0-1F06-41FD-B7AE-D0D955E634F7}"
EndProject
Global
	GlobalSection(SolutionConfigurationPlatforms) = preSolution
		Debug|Any CPU = Debug|Any CPU
		Release|Any CPU = Release|Any CPU
	EndGlobalSection
	GlobalSection(ProjectConfigurationPlatforms) = postSolution
		{3758BDC0-1F06-41FD-B7AE-D0D955E634F7}.Debug|Any CPU.ActiveCfg = Debug|Any CPU
		{3758BDC0-1F06-41FD-B7AE-D0D955E634F7}.Debug|Any CPU.Build.0 = Debug|Any CPU
		{3758BDC0-1F06-41FD-B7AE-D0D955E634F7}.Release|Any CPU.ActiveCfg = Release|Any CPU
		{3758BDC0-1F06-41FD-B7AE-D0D955E634F7}.Release|Any CPU.Build.0 = Release|Any CPU
	EndGlobalSection
	GlobalSection(SolutionProperties) = preSolution
		HideSolutionNode = FALSE
	EndGlobalSection
	GlobalSection(ExtensibilityGlobals) = postSolution
		SolutionGuid = {F8176A76-DB42-4F03-957F-61E1464C7105}
	EndGlobalSection
EndGlobal
